PODS:
  - CountryPickerSwift (1.8.2)
  - PhoneNumberKit (2.6.0):
    - PhoneNumberKit/PhoneNumberKitCore (= 2.6.0)
    - PhoneNumberKit/UIKit (= 2.6.0)
  - PhoneNumberKit/PhoneNumberKitCore (2.6.0)
  - PhoneNumberKit/UIKit (2.6.0):
    - PhoneNumberKit/PhoneNumberKitCore
  - PhoneVerificationController (2.0.2):
    - CountryPickerSwift (~> 1.8)
    - PhoneNumberKit (~> 2.6)
  - SwiftGen (6.1.0)

DEPENDENCIES:
  - PhoneVerificationController (from `../`)
  - SwiftGen

SPEC REPOS:
  https://cdn.cocoapods.org/:
    - CountryPickerSwift
    - PhoneNumberKit
    - SwiftGen

EXTERNAL SOURCES:
  PhoneVerificationController:
    :path: "../"

SPEC CHECKSUMS:
  CountryPickerSwift: b2cd8b391a0222bd9a97d09ea30426303adac810
  PhoneNumberKit: 167ee1f0bbb6efce7c62559e620eae745595532f
  PhoneVerificationController: 11a2f3e269bdcfef4a052eb1f44ec2f7a3b2c9ec
  SwiftGen: f872ca75cbd17bf7103c17f13dcfa0d9a15667b0

PODFILE CHECKSUM: 4e2b6c4e976d8a0324162268626f427ec1d7ea99

COCOAPODS: 1.7.3
