PODS:
  - CountryPickerSwift (1.4.5)
  - PhoneNumberKit (2.1.0):
    - PhoneNumberKit/PhoneNumberKitCore (= 2.1.0)
    - PhoneNumberKit/UIKit (= 2.1.0)
  - PhoneNumberKit/PhoneNumberKitCore (2.1.0)
  - PhoneNumberKit/UIKit (2.1.0):
    - PhoneNumberKit/PhoneNumberKitCore
  - PhoneVerificationController (2.0.2):
    - CountryPickerSwift (~> 1.4)
    - PhoneNumberKit (~> 2.1.0)
  - SwiftGen (5.2.1)

DEPENDENCIES:
  - PhoneVerificationController (from `../`)
  - SwiftGen

EXTERNAL SOURCES:
  PhoneVerificationController:
    :path: ../

SPEC CHECKSUMS:
  CountryPickerSwift: be2cf0dc41887d8b16ea65ae263a70adb0cc953a
  PhoneNumberKit: 62003f40ff75315fd3738286558bc365365ac222
  PhoneVerificationController: 315257ff43e648e6c70c8735a04b04dbac7b6dbe
  SwiftGen: 444b4c467e512a4812b8a800d731643fd265139e

PODFILE CHECKSUM: e7ae69393d9f914093fe7b08930eb1822c1b2bb6

COCOAPODS: 1.4.0.rc.1
